{
    "name": "creem-php-sdk-tools",
    "lockfileVersion": 3,
    "requires": true,
    "packages": {
        "": {
            "name": "creem-php-sdk-tools",
            "devDependencies": {
                "fern-api": "0.75.3"
            }
        },
        "node_modules/fern-api": {
            "version": "0.75.3",
            "resolved": "https://registry.npmjs.org/fern-api/-/fern-api-0.75.3.tgz",
            "integrity": "sha512-JEzXinl6AwN1MwLA5fxmQjmHjcU8fhfM7jjUxS9p0zDkDVB37Rj6vJtupMnJyoSH52P8RaXIECaRgP42RumQJw==",
            "dev": true,
            "bin": {
                "fern": "cli.cjs"
            }
        }
    }
}
